{
    "name": "mcode-log",
    "version": "0.4.4",
    "lockfileVersion": 3,
    "requires": true,
    "packages": {
        "": {
            "name": "mcode-log",
            "version": "0.4.4",
            "license": "MIT",
            "dependencies": {
                "mcode-data": "^0.4.3"
            }
        },
        "node_modules/mcode-data": {
            "version": "0.4.3",
            "resolved": "https://registry.npmjs.org/mcode-data/-/mcode-data-0.4.3.tgz",
            "integrity": "sha512-6yVriW2HIAXbWfGFM5+ZotrrNT9oGTJmS/uvJ5Cqd07M+p+ddBqZvZeOdCL7F7Yud3TNNzxpPQmMoceVOjnfEQ=="
        }
    }
}
